
Microsoft Visual Studio Solution File, Format Version 12.00
# Visual Studio 15
VisualStudioVersion = 15.0.27428.2015
MinimumVisualStudioVersion = 10.0.40219.1
Project("{FAE04EC0-301F-11D3-BF4B-00C04F79EFBC}") = "numberOfCharacters", "numberOfCharacters\numberOfCharacters.csproj", "{50701A74-EBE1-4786-A4EA-2D5857249AEA}"
EndProject
Project("{FAE04EC0-301F-11D3-BF4B-00C04F79EFBC}") = "printingQuotes", "printingQuotes\printingQuotes.csproj", "{23A52B75-0715-4AA2-A923-8A711AEA8B20}"
EndProject
Global
	GlobalSection(SolutionConfigurationPlatforms) = preSolution
		Debug|Any CPU = Debug|Any CPU
		Release|Any CPU = Release|Any CPU
	EndGlobalSection
	GlobalSection(ProjectConfigurationPlatforms) = postSolution
		{50701A74-EBE1-4786-A4EA-2D5857249AEA}.Debug|Any CPU.ActiveCfg = Debug|Any CPU
		{50701A74-EBE1-4786-A4EA-2D5857249AEA}.Debug|Any CPU.Build.0 = Debug|Any CPU
		{50701A74-EBE1-4786-A4EA-2D5857249AEA}.Release|Any CPU.ActiveCfg = Release|Any CPU
		{50701A74-EBE1-4786-A4EA-2D5857249AEA}.Release|Any CPU.Build.0 = Release|Any CPU
		{23A52B75-0715-4AA2-A923-8A711AEA8B20}.Debug|Any CPU.ActiveCfg = Debug|Any CPU
		{23A52B75-0715-4AA2-A923-8A711AEA8B20}.Debug|Any CPU.Build.0 = Debug|Any CPU
		{23A52B75-0715-4AA2-A923-8A711AEA8B20}.Release|Any CPU.ActiveCfg = Release|Any CPU
		{23A52B75-0715-4AA2-A923-8A711AEA8B20}.Release|Any CPU.Build.0 = Release|Any CPU
	EndGlobalSection
	GlobalSection(SolutionProperties) = preSolution
		HideSolutionNode = FALSE
	EndGlobalSection
	GlobalSection(ExtensibilityGlobals) = postSolution
		SolutionGuid = {62FBDF74-CBE2-4A94-A857-3A2A881212C7}
	EndGlobalSection
EndGlobal
